
Microsoft Visual Studio Solution File, Format Version 12.00
# Visual Studio Version 16
VisualStudioVersion = 16.0.30320.27
MinimumVisualStudioVersion = 10.0.40219.1
Project("{9A19103F-16F7-4668-BE54-9A1E7A4F7556}") = "AzureFunctions", "AzureFunctions\AzureFunctions.csproj", "{21FE2B44-F545-44D9-9D7D-3A1384F0C3CD}"
EndProject
Global
	GlobalSection(SolutionConfigurationPlatforms) = preSolution
		Debug|Any CPU = Debug|Any CPU
		Release|Any CPU = Release|Any CPU
	EndGlobalSection
	GlobalSection(ProjectConfigurationPlatforms) = postSolution
		{21FE2B44-F545-44D9-9D7D-3A1384F0C3CD}.Debug|Any CPU.ActiveCfg = Debug|Any CPU
		{21FE2B44-F545-44D9-9D7D-3A1384F0C3CD}.Debug|Any CPU.Build.0 = Debug|Any CPU
		{21FE2B44-F545-44D9-9D7D-3A1384F0C3CD}.Release|Any CPU.ActiveCfg = Release|Any CPU
		{21FE2B44-F545-44D9-9D7D-3A1384F0C3CD}.Release|Any CPU.Build.0 = Release|Any CPU
	EndGlobalSection
	GlobalSection(SolutionProperties) = preSolution
		HideSolutionNode = FALSE
	EndGlobalSection
	GlobalSection(ExtensibilityGlobals) = postSolution
		SolutionGuid = {24EAB825-C458-4E6D-B87F-D837B57E33C7}
	EndGlobalSection
EndGlobal
